{
  "nodes": {
    "flake-parts": {
      "inputs": {
        "nixpkgs-lib": "nixpkgs-lib"
      },
      "locked": {
        "lastModified": 1756770412,
        "narHash": "sha256-+uWLQZccFHwqpGqr2Yt5VsW/PbeJVTn9Dk6SHWhNRPw=",
        "owner": "hercules-ci",
        "repo": "flake-parts",
        "rev": "4524271976b625a4a605beefd893f270620fd751",
        "type": "github"
      },
      "original": {
        "owner": "hercules-ci",
        "repo": "flake-parts",
        "type": "github"
      }
    },
    "home-manager": {
      "inputs": {
        "nixpkgs": [
          "nixpkgs"
        ]
      },
      "locked": {
        "lastModified": 1757598712,
        "narHash": "sha256-5PWVrdMp8u31Q247jqnJcwxKg3MJrs1TadTyTBRVBDY=",
        "owner": "nix-community",
        "repo": "home-manager",
        "rev": "6d7c11a0adee0db21e3a8ef90ae07bb89bc20b8f",
        "type": "github"
      },
      "original": {
        "owner": "nix-community",
        "repo": "home-manager",
        "type": "github"
      }
    },
    "just-flake": {
      "locked": {
        "lastModified": 1713316411,
        "narHash": "sha256-NkJfU6H+6vgHkPtZ2ESbZ/h2wnsDQrZvB4vbdUIBx8Q=",
        "owner": "juspay",
        "repo": "just-flake",
        "rev": "0e33952a4bcd16cd54ee3aba8111606c237d4526",
        "type": "github"
      },
      "original": {
        "owner": "juspay",
        "repo": "just-flake",
        "type": "github"
      }
    },
    "nixpkgs": {
      "locked": {
        "lastModified": 1757590060,
        "narHash": "sha256-EWwwdKLMZALkgHFyKW7rmyhxECO74+N+ZO5xTDnY/5c=",
        "owner": "NixOS",
        "repo": "nixpkgs",
        "rev": "0ef228213045d2cdb5a169a95d63ded38670b293",
        "type": "github"
      },
      "original": {
        "owner": "NixOS",
        "ref": "nixpkgs-25.05-darwin",
        "repo": "nixpkgs",
        "type": "github"
      }
    },
    "nixpkgs-lib": {
      "locked": {
        "lastModified": 1754788789,
        "narHash": "sha256-x2rJ+Ovzq0sCMpgfgGaaqgBSwY+LST+WbZ6TytnT9Rk=",
        "owner": "nix-community",
        "repo": "nixpkgs.lib",
        "rev": "a73b9c743612e4244d865a2fdee11865283c04e6",
        "type": "github"
      },
      "original": {
        "owner": "nix-community",
        "repo": "nixpkgs.lib",
        "type": "github"
      }
    },
    "root": {
      "inputs": {
        "flake-parts": "flake-parts",
        "home-manager": "home-manager",
        "just-flake": "just-flake",
        "nixpkgs": "nixpkgs"
      }
    }
  },
  "root": "root",
  "version": 7
}
