{
  "name": "hermetic-file-dep",
  "version": "1.0.0",
  "lockfileVersion": 3,
  "packages": {
    "": {
      "name": "hermetic-file-dep",
      "version": "1.0.0",
      "dependencies": {
        "some-local-dep": "file:../packages/some-local-dep"
      }
    },
    "node_modules/some-local-dep": {
      "version": "1.0.0",
      "resolved": "file:../packages/some-local-dep",
      "integrity": "sha512-example-integrity-hash-for-testing-purposes-only"
    }
  }
}
