{
  "name": "hermetic-git-dep",
  "version": "1.0.0",
  "lockfileVersion": 3,
  "packages": {
    "": {
      "name": "hermetic-git-dep",
      "version": "1.0.0",
      "dependencies": {
        "some-git-dep": "git+https://github.com/example/example.git#v1.0.0"
      }
    },
    "node_modules/some-git-dep": {
      "version": "1.0.0",
      "resolved": "git+https://github.com/example/example.git#abc123def456",
      "integrity": "sha512-example-integrity-hash-for-testing-purposes-only"
    }
  }
}
